
Microsoft Visual Studio Solution File, Format Version 12.00
# Visual Studio 15
VisualStudioVersion = 15.0.28307.489
MinimumVisualStudioVersion = 10.0.40219.1
Project("{9A19103F-16F7-4668-BE54-9A1E7A4F7556}") = "HealthCloudClient", "src\HealthCloudClient\HealthCloudClient.csproj", "{2E67EC68-570D-43A1-85B7-02387A18FD22}"
EndProject
Project("{FAE04EC0-301F-11D3-BF4B-00C04F79EFBC}") = "DownloadData", "src\DownloadData\DownloadData.csproj", "{7FD3CCDC-FEC8-4403-979E-CA060303C26A}"
EndProject
Project("{FAE04EC0-301F-11D3-BF4B-00C04F79EFBC}") = "DataWrangler", "src\DataWrangler\DataWrangler.csproj", "{02CEC22C-B61F-4C18-A761-DDFF36DB6337}"
EndProject
Global
	GlobalSection(SolutionConfigurationPlatforms) = preSolution
		Debug|Any CPU = Debug|Any CPU
		Release|Any CPU = Release|Any CPU
	EndGlobalSection
	GlobalSection(ProjectConfigurationPlatforms) = postSolution
		{2E67EC68-570D-43A1-85B7-02387A18FD22}.Debug|Any CPU.ActiveCfg = Debug|Any CPU
		{2E67EC68-570D-43A1-85B7-02387A18FD22}.Debug|Any CPU.Build.0 = Debug|Any CPU
		{2E67EC68-570D-43A1-85B7-02387A18FD22}.Release|Any CPU.ActiveCfg = Release|Any CPU
		{2E67EC68-570D-43A1-85B7-02387A18FD22}.Release|Any CPU.Build.0 = Release|Any CPU
		{7FD3CCDC-FEC8-4403-979E-CA060303C26A}.Debug|Any CPU.ActiveCfg = Debug|Any CPU
		{7FD3CCDC-FEC8-4403-979E-CA060303C26A}.Debug|Any CPU.Build.0 = Debug|Any CPU
		{7FD3CCDC-FEC8-4403-979E-CA060303C26A}.Release|Any CPU.ActiveCfg = Release|Any CPU
		{7FD3CCDC-FEC8-4403-979E-CA060303C26A}.Release|Any CPU.Build.0 = Release|Any CPU
		{02CEC22C-B61F-4C18-A761-DDFF36DB6337}.Debug|Any CPU.ActiveCfg = Debug|Any CPU
		{02CEC22C-B61F-4C18-A761-DDFF36DB6337}.Debug|Any CPU.Build.0 = Debug|Any CPU
		{02CEC22C-B61F-4C18-A761-DDFF36DB6337}.Release|Any CPU.ActiveCfg = Release|Any CPU
		{02CEC22C-B61F-4C18-A761-DDFF36DB6337}.Release|Any CPU.Build.0 = Release|Any CPU
	EndGlobalSection
	GlobalSection(SolutionProperties) = preSolution
		HideSolutionNode = FALSE
	EndGlobalSection
	GlobalSection(ExtensibilityGlobals) = postSolution
		SolutionGuid = {04E6615C-8311-43BA-93A3-5D257EE7AE87}
	EndGlobalSection
EndGlobal
